
Microsoft Visual Studio Solution File, Format Version 12.00
# Visual Studio Version 17
VisualStudioVersion = 17.0.31919.166
MinimumVisualStudioVersion = 10.0.40219.1
Project("{FAE04EC0-301F-11D3-BF4B-00C04F79EFBC}") = "DemoProject", "DemoProject\DemoProject.csproj", "{F95ED4EE-79EC-4D7F-8C1C-6D07B67DA44D}"
EndProject
Global
	GlobalSection(SolutionConfigurationPlatforms) = preSolution
		Debug|Any CPU = Debug|Any CPU
		Release|Any CPU = Release|Any CPU
	EndGlobalSection
	GlobalSection(ProjectConfigurationPlatforms) = postSolution
		{F95ED4EE-79EC-4D7F-8C1C-6D07B67DA44D}.Debug|Any CPU.ActiveCfg = Debug|Any CPU
		{F95ED4EE-79EC-4D7F-8C1C-6D07B67DA44D}.Debug|Any CPU.Build.0 = Debug|Any CPU
		{F95ED4EE-79EC-4D7F-8C1C-6D07B67DA44D}.Release|Any CPU.ActiveCfg = Release|Any CPU
		{F95ED4EE-79EC-4D7F-8C1C-6D07B67DA44D}.Release|Any CPU.Build.0 = Release|Any CPU
	EndGlobalSection
	GlobalSection(SolutionProperties) = preSolution
		HideSolutionNode = FALSE
	EndGlobalSection
	GlobalSection(ExtensibilityGlobals) = postSolution
		SolutionGuid = {9B63F7CE-56AA-484F-AC55-620EE79D043A}
	EndGlobalSection
EndGlobal
